PODS:
  - MyPascalInterPreter (0.1.0):
    - MyPascalInterPreter/Interpreter (= 0.1.0)
    - MyPascalInterPreter/Lexer (= 0.1.0)
    - MyPascalInterPreter/Parser (= 0.1.0)
    - MyPascalInterPreter/SemanticAnalyzer (= 0.1.0)
  - MyPascalInterPreter/Interpreter (0.1.0)
  - MyPascalInterPreter/Lexer (0.1.0)
  - MyPascalInterPreter/Parser (0.1.0)
  - MyPascalInterPreter/SemanticAnalyzer (0.1.0)

DEPENDENCIES:
  - MyPascalInterPreter (from `../`)

EXTERNAL SOURCES:
  MyPascalInterPreter:
    :path: "../"

SPEC CHECKSUMS:
  MyPascalInterPreter: 343e9e75e54fd24427b6b224b7f1eaadfe59ba3d

PODFILE CHECKSUM: 4cf65791e42d45392406f6f99806d41e4dfc34b0

COCOAPODS: 1.10.1
